
Microsoft Visual Studio Solution File, Format Version 12.00
# Visual Studio Version 17
VisualStudioVersion = 17.3.32825.248
MinimumVisualStudioVersion = 10.0.40219.1
Project("{FAE04EC0-301F-11D3-BF4B-00C04F79EFBC}") = "lista1ex5", "lista1ex5\lista1ex5.csproj", "{B03984D8-E780-4577-8199-44ED4D02EBC7}"
EndProject
Global
	GlobalSection(SolutionConfigurationPlatforms) = preSolution
		Debug|Any CPU = Debug|Any CPU
		Release|Any CPU = Release|Any CPU
	EndGlobalSection
	GlobalSection(ProjectConfigurationPlatforms) = postSolution
		{B03984D8-E780-4577-8199-44ED4D02EBC7}.Debug|Any CPU.ActiveCfg = Debug|Any CPU
		{B03984D8-E780-4577-8199-44ED4D02EBC7}.Debug|Any CPU.Build.0 = Debug|Any CPU
		{B03984D8-E780-4577-8199-44ED4D02EBC7}.Release|Any CPU.ActiveCfg = Release|Any CPU
		{B03984D8-E780-4577-8199-44ED4D02EBC7}.Release|Any CPU.Build.0 = Release|Any CPU
	EndGlobalSection
	GlobalSection(SolutionProperties) = preSolution
		HideSolutionNode = FALSE
	EndGlobalSection
	GlobalSection(ExtensibilityGlobals) = postSolution
		SolutionGuid = {D491F331-800A-4098-9F0B-11D472C37A4C}
	EndGlobalSection
EndGlobal
